
Microsoft Visual Studio Solution File, Format Version 12.00
# Visual Studio Version 16
VisualStudioVersion = 16.0.31410.357
MinimumVisualStudioVersion = 10.0.40219.1
Project("{8BC9CEB8-8B4A-11D0-8D11-00A0C91BC942}") = "databases lab 2", "databases lab 2\databases lab 2.vcxproj", "{9A574B61-C466-4BDF-B981-5A3377C3C18D}"
EndProject
Global
	GlobalSection(SolutionConfigurationPlatforms) = preSolution
		Debug|x64 = Debug|x64
		Debug|x86 = Debug|x86
		Release|x64 = Release|x64
		Release|x86 = Release|x86
	EndGlobalSection
	GlobalSection(ProjectConfigurationPlatforms) = postSolution
		{9A574B61-C466-4BDF-B981-5A3377C3C18D}.Debug|x64.ActiveCfg = Debug|x64
		{9A574B61-C466-4BDF-B981-5A3377C3C18D}.Debug|x64.Build.0 = Debug|x64
		{9A574B61-C466-4BDF-B981-5A3377C3C18D}.Debug|x86.ActiveCfg = Debug|Win32
		{9A574B61-C466-4BDF-B981-5A3377C3C18D}.Debug|x86.Build.0 = Debug|Win32
		{9A574B61-C466-4BDF-B981-5A3377C3C18D}.Release|x64.ActiveCfg = Release|x64
		{9A574B61-C466-4BDF-B981-5A3377C3C18D}.Release|x64.Build.0 = Release|x64
		{9A574B61-C466-4BDF-B981-5A3377C3C18D}.Release|x86.ActiveCfg = Release|Win32
		{9A574B61-C466-4BDF-B981-5A3377C3C18D}.Release|x86.Build.0 = Release|Win32
	EndGlobalSection
	GlobalSection(SolutionProperties) = preSolution
		HideSolutionNode = FALSE
	EndGlobalSection
	GlobalSection(ExtensibilityGlobals) = postSolution
		SolutionGuid = {D1764354-B393-4AF5-BF14-11802B05D5A8}
	EndGlobalSection
EndGlobal
